{
  "nodes": {
    "hardware": {
      "locked": {
        "lastModified": 1683965003,
        "narHash": "sha256-DrzSdOnLv/yFBvS2FqmwBA2xIbN/Lny/WlxHyoLR9zE=",
        "owner": "nixos",
        "repo": "nixos-hardware",
        "rev": "81cd886719e10d4822b2a6caa96e95d56cc915ef",
        "type": "github"
      },
      "original": {
        "owner": "nixos",
        "repo": "nixos-hardware",
        "type": "github"
      }
    },
    "home-manager": {
      "inputs": {
        "nixpkgs": [
          "nixpkgs"
        ]
      },
      "locked": {
        "lastModified": 1684061181,
        "narHash": "sha256-EJpZ+Drpt3aHpowddpsQFBWsqLSJHyP6dnremTVMdWw=",
        "owner": "nix-community",
        "repo": "home-manager",
        "rev": "e4272987f785a8848205263abb4911b922c21e1b",
        "type": "github"
      },
      "original": {
        "owner": "nix-community",
        "repo": "home-manager",
        "type": "github"
      }
    },
    "nixpkgs": {
      "locked": {
        "lastModified": 1683968890,
        "narHash": "sha256-FuNtjMvT07cJydY5NRyRhIni/dEwkSkijmFEdsmqdkA=",
        "owner": "nixos",
        "repo": "nixpkgs",
        "rev": "ea11a3977f4cba013d8680667616be827c967ac0",
        "type": "github"
      },
      "original": {
        "owner": "nixos",
        "ref": "nixpkgs-unstable",
        "repo": "nixpkgs",
        "type": "github"
      }
    },
    "nur": {
      "locked": {
        "lastModified": 1684078972,
        "narHash": "sha256-HfzRAo1bgQInTLXSb2EkaKUv8vlWP2jzgWH8qdxNFCA=",
        "owner": "nix-community",
        "repo": "NUR",
        "rev": "a04e5e31112cf7307e1c63cfd7278a5e322ac689",
        "type": "github"
      },
      "original": {
        "owner": "nix-community",
        "repo": "NUR",
        "type": "github"
      }
    },
    "root": {
      "inputs": {
        "hardware": "hardware",
        "home-manager": "home-manager",
        "nixpkgs": "nixpkgs",
        "nur": "nur"
      }
    }
  },
  "root": "root",
  "version": 7
}
